{
  "projects": [
    {
      "projectId": "sqPBLwEBBKHA2WDuGb17eV",
      "version": "0.12.0",
      "dependencies": {},
      "lang": "ts",
      "fileLocks": [
        {
          "assetId": "sqPBLwEBBKHA2WDuGb17eV",
          "type": "projectCss",
          "checksum": "e1ec850476829c38b0f9b6d4f7ac446a"
        },
        {
          "type": "renderModule",
          "assetId": "5nirPCGmCnRD",
          "checksum": "ee7e08729f1dc171f995cf94e148f481"
        },
        {
          "type": "cssRules",
          "assetId": "5nirPCGmCnRD",
          "checksum": "ee7e08729f1dc171f995cf94e148f481"
        },
        {
          "type": "icon",
          "assetId": "Wyt3GMMsLefj",
          "checksum": "d8c88f04735c43b3f7790b0889d20e0c"
        },
        {
          "type": "icon",
          "assetId": "MbDRsJU0e3bw",
          "checksum": "92672aa6935120ebaac11939d8d127bb"
        }
      ],
      "codegenVersion": "0.0.1"
    },
    {
      "projectId": "caTPwKxj5ZrD9LQ7DMdK4Z",
      "version": "3.36.0",
      "dependencies": {},
      "lang": "ts",
      "fileLocks": [
        {
          "assetId": "caTPwKxj5ZrD9LQ7DMdK4Z",
          "type": "projectCss",
          "checksum": "e1ec850476829c38b0f9b6d4f7ac446a"
        }
      ],
      "codegenVersion": "0.0.1"
    },
    {
      "projectId": "enk3K4vZ6pmH6kVCoZJXGn",
      "version": "4.23.0",
      "dependencies": {},
      "lang": "ts",
      "fileLocks": [
        {
          "assetId": "enk3K4vZ6pmH6kVCoZJXGn",
          "type": "projectCss",
          "checksum": "46129a8140f7bf604dec903e19777f53"
        }
      ],
      "codegenVersion": "0.0.1"
    },
    {
      "projectId": "9Vr5YWkf3w7jj6SsTcCEta",
      "version": "0.10.0",
      "dependencies": {},
      "lang": "ts",
      "fileLocks": [
        {
          "assetId": "9Vr5YWkf3w7jj6SsTcCEta",
          "type": "projectCss",
          "checksum": "e1ec850476829c38b0f9b6d4f7ac446a"
        }
      ],
      "codegenVersion": "0.0.1"
    },
    {
      "projectId": "jkU633o1Cz7HrJdwdxhVHk",
      "version": "16.10.0",
      "dependencies": {},
      "lang": "ts",
      "fileLocks": [
        {
          "assetId": "jkU633o1Cz7HrJdwdxhVHk",
          "type": "projectCss",
          "checksum": "0581d4378bb1604bb5fe3f65bb0a37de"
        }
      ],
      "codegenVersion": "0.0.1"
    },
    {
      "projectId": "ohDidvG9XsCeFumugENU3J",
      "version": "6.24.0",
      "dependencies": {},
      "lang": "ts",
      "fileLocks": [
        {
          "assetId": "ohDidvG9XsCeFumugENU3J",
          "type": "projectCss",
          "checksum": "fd83b730367fdbde2c69bc6cf31c2a3c"
        },
        {
          "assetId": "ohDidvG9XsCeFumugENU3J",
          "checksum": "de0a0e65174a6a185a8f822af51c6bdd",
          "type": "globalContexts"
        }
      ],
      "codegenVersion": "0.0.1"
    },
    {
      "projectId": "oGeya3WnsoRJC1KzKAMsFn",
      "version": "latest",
      "dependencies": {
        "ohDidvG9XsCeFumugENU3J": "6.24.0",
        "jkU633o1Cz7HrJdwdxhVHk": "16.10.0",
        "9Vr5YWkf3w7jj6SsTcCEta": "0.10.0",
        "enk3K4vZ6pmH6kVCoZJXGn": "4.23.0",
        "caTPwKxj5ZrD9LQ7DMdK4Z": "3.36.0",
        "sqPBLwEBBKHA2WDuGb17eV": "0.12.0"
      },
      "lang": "ts",
      "fileLocks": [
        {
          "type": "globalVariant",
          "assetId": "UQQBn-MBO3lj",
          "checksum": "0761e62b9f27eef6a3d8cbee7713aabe"
        },
        {
          "assetId": "oGeya3WnsoRJC1KzKAMsFn",
          "type": "projectCss",
          "checksum": "df050531ae295a26f29cb9d7079041a6"
        },
        {
          "assetId": "oGeya3WnsoRJC1KzKAMsFn",
          "checksum": "49002bed97bb2efdcf9ef1921ee151d3",
          "type": "globalContexts"
        },
        {
          "type": "renderModule",
          "assetId": "jZqYv8Xxz7kv",
          "checksum": "fc15ec1db8517bb2bab4b5587ab8fc46"
        },
        {
          "type": "cssRules",
          "assetId": "jZqYv8Xxz7kv",
          "checksum": "fc15ec1db8517bb2bab4b5587ab8fc46"
        },
        {
          "type": "renderModule",
          "assetId": "TNi8QlGYkAY_",
          "checksum": "8beda90c65472d675ecd43c52df33687"
        },
        {
          "type": "cssRules",
          "assetId": "TNi8QlGYkAY_",
          "checksum": "8beda90c65472d675ecd43c52df33687"
        },
        {
          "type": "renderModule",
          "assetId": "pqSwxHktI5g4",
          "checksum": "b6faa599308308122cda16ddb53218c1"
        },
        {
          "type": "cssRules",
          "assetId": "pqSwxHktI5g4",
          "checksum": "b6faa599308308122cda16ddb53218c1"
        },
        {
          "type": "renderModule",
          "assetId": "8_0vv4y59QzM",
          "checksum": "9696b0fb1f09e3fe6f8cd5c6ffa9e8c7"
        },
        {
          "type": "cssRules",
          "assetId": "8_0vv4y59QzM",
          "checksum": "9696b0fb1f09e3fe6f8cd5c6ffa9e8c7"
        },
        {
          "type": "renderModule",
          "assetId": "BK2C5FjyJXSq",
          "checksum": "29873bdcec34a249e18c1945d1d929b3"
        },
        {
          "type": "cssRules",
          "assetId": "BK2C5FjyJXSq",
          "checksum": "29873bdcec34a249e18c1945d1d929b3"
        },
        {
          "type": "renderModule",
          "assetId": "GpnVH_JRpYlU",
          "checksum": "da3f0fb5ffe8fcf527ac0fbed8d4f0db"
        },
        {
          "type": "cssRules",
          "assetId": "GpnVH_JRpYlU",
          "checksum": "da3f0fb5ffe8fcf527ac0fbed8d4f0db"
        },
        {
          "type": "renderModule",
          "assetId": "EiQqF0UYpflC",
          "checksum": "c5fdea65ccb79e7bf3b5e3b4200600da"
        },
        {
          "type": "cssRules",
          "assetId": "EiQqF0UYpflC",
          "checksum": "c5fdea65ccb79e7bf3b5e3b4200600da"
        },
        {
          "type": "renderModule",
          "assetId": "a2CyCAHg3qb-",
          "checksum": "81ecc89aaf64d002a671e061df0b4cc8"
        },
        {
          "type": "cssRules",
          "assetId": "a2CyCAHg3qb-",
          "checksum": "81ecc89aaf64d002a671e061df0b4cc8"
        },
        {
          "type": "renderModule",
          "assetId": "KKJsW6jZpEea",
          "checksum": "18f109812304a54f214f93b0ed381180"
        },
        {
          "type": "cssRules",
          "assetId": "KKJsW6jZpEea",
          "checksum": "18f109812304a54f214f93b0ed381180"
        },
        {
          "type": "renderModule",
          "assetId": "rHrZcTzmh6iK",
          "checksum": "03bdbe17e7b774e47920030d35b1c201"
        },
        {
          "type": "cssRules",
          "assetId": "rHrZcTzmh6iK",
          "checksum": "03bdbe17e7b774e47920030d35b1c201"
        },
        {
          "type": "renderModule",
          "assetId": "9qP1Gp2tCR8X",
          "checksum": "237b6f1b4dd38a4a73c8fa7d8a27513b"
        },
        {
          "type": "cssRules",
          "assetId": "9qP1Gp2tCR8X",
          "checksum": "237b6f1b4dd38a4a73c8fa7d8a27513b"
        },
        {
          "type": "renderModule",
          "assetId": "igEBFcEH8tLa",
          "checksum": "0278e2d3548e916922fb7a43d5377a49"
        },
        {
          "type": "cssRules",
          "assetId": "igEBFcEH8tLa",
          "checksum": "0278e2d3548e916922fb7a43d5377a49"
        },
        {
          "type": "renderModule",
          "assetId": "Zs6_mjgOZ7c8",
          "checksum": "b11639bd6b07679a6d6c57e26d98bd9a"
        },
        {
          "type": "cssRules",
          "assetId": "Zs6_mjgOZ7c8",
          "checksum": "b11639bd6b07679a6d6c57e26d98bd9a"
        },
        {
          "type": "renderModule",
          "assetId": "Wd7Ser5vo2-7",
          "checksum": "05cdbbe13c1de5b2f3b9bfc817f7ada4"
        },
        {
          "type": "cssRules",
          "assetId": "Wd7Ser5vo2-7",
          "checksum": "05cdbbe13c1de5b2f3b9bfc817f7ada4"
        },
        {
          "type": "renderModule",
          "assetId": "IBaPvSTnZ7Z4",
          "checksum": "7f5fc88047e3df41dcd28d26720bd3cd"
        },
        {
          "type": "cssRules",
          "assetId": "IBaPvSTnZ7Z4",
          "checksum": "7f5fc88047e3df41dcd28d26720bd3cd"
        },
        {
          "type": "renderModule",
          "assetId": "xxuq2XOgUyIg",
          "checksum": "cc5fd148f935667e67e5a464d5890a74"
        },
        {
          "type": "cssRules",
          "assetId": "xxuq2XOgUyIg",
          "checksum": "cc5fd148f935667e67e5a464d5890a74"
        },
        {
          "type": "renderModule",
          "assetId": "jWRF2fEWxSAW",
          "checksum": "71850705840c7d287c770413789bb4fd"
        },
        {
          "type": "cssRules",
          "assetId": "jWRF2fEWxSAW",
          "checksum": "71850705840c7d287c770413789bb4fd"
        },
        {
          "type": "renderModule",
          "assetId": "-t4lea1sBi9t",
          "checksum": "c1dff68111562a51e89b584493c41b10"
        },
        {
          "type": "cssRules",
          "assetId": "-t4lea1sBi9t",
          "checksum": "c1dff68111562a51e89b584493c41b10"
        },
        {
          "type": "renderModule",
          "assetId": "4hqdijgZUH9F",
          "checksum": "fd84a2bd9d32fdf0a967b69968cb8462"
        },
        {
          "type": "cssRules",
          "assetId": "4hqdijgZUH9F",
          "checksum": "fd84a2bd9d32fdf0a967b69968cb8462"
        },
        {
          "type": "renderModule",
          "assetId": "EshJXBjt74tC",
          "checksum": "38a88b345f6f9b28850b21694192d0e9"
        },
        {
          "type": "cssRules",
          "assetId": "EshJXBjt74tC",
          "checksum": "38a88b345f6f9b28850b21694192d0e9"
        },
        {
          "type": "renderModule",
          "assetId": "V-yKcXQfPehz",
          "checksum": "7d9ea731a9e94bca4408413fa08dc733"
        },
        {
          "type": "cssRules",
          "assetId": "V-yKcXQfPehz",
          "checksum": "7d9ea731a9e94bca4408413fa08dc733"
        },
        {
          "type": "renderModule",
          "assetId": "DBKyCIela7NX",
          "checksum": "f4e4e3467c266b6402abaca912a7d138"
        },
        {
          "type": "cssRules",
          "assetId": "DBKyCIela7NX",
          "checksum": "f4e4e3467c266b6402abaca912a7d138"
        },
        {
          "type": "renderModule",
          "assetId": "5SPjl5ekEqdn",
          "checksum": "62b95182984570b5360e80bcf87d10b5"
        },
        {
          "type": "cssRules",
          "assetId": "5SPjl5ekEqdn",
          "checksum": "62b95182984570b5360e80bcf87d10b5"
        },
        {
          "type": "renderModule",
          "assetId": "r_asLNT8dm16",
          "checksum": "1604732888cb176dadf1a2903672365b"
        },
        {
          "type": "cssRules",
          "assetId": "r_asLNT8dm16",
          "checksum": "1604732888cb176dadf1a2903672365b"
        },
        {
          "type": "renderModule",
          "assetId": "Sa3ZnkOjK7yy",
          "checksum": "d54260f6199142596d0fb92d85862419"
        },
        {
          "type": "cssRules",
          "assetId": "Sa3ZnkOjK7yy",
          "checksum": "d54260f6199142596d0fb92d85862419"
        },
        {
          "type": "renderModule",
          "assetId": "JG7NN8qCFIwl",
          "checksum": "193c4cc3c9a204e38289ca3c5df9860a"
        },
        {
          "type": "cssRules",
          "assetId": "JG7NN8qCFIwl",
          "checksum": "193c4cc3c9a204e38289ca3c5df9860a"
        },
        {
          "type": "renderModule",
          "assetId": "gFan7cAIHj-F",
          "checksum": "d6a467dcb2d5d04df48cd4667a192655"
        },
        {
          "type": "cssRules",
          "assetId": "gFan7cAIHj-F",
          "checksum": "d6a467dcb2d5d04df48cd4667a192655"
        },
        {
          "type": "renderModule",
          "assetId": "yqErvYJNrEdJ",
          "checksum": "decef5aa9c15cd04adc20e8f41b6236f"
        },
        {
          "type": "cssRules",
          "assetId": "yqErvYJNrEdJ",
          "checksum": "decef5aa9c15cd04adc20e8f41b6236f"
        },
        {
          "type": "renderModule",
          "assetId": "Bgnlf63rYOo6",
          "checksum": "12824f14cd36850a4f9b9f997e58fc5e"
        },
        {
          "type": "cssRules",
          "assetId": "Bgnlf63rYOo6",
          "checksum": "12824f14cd36850a4f9b9f997e58fc5e"
        },
        {
          "type": "renderModule",
          "assetId": "hB1Gp2sVqE1Y",
          "checksum": "042a863830211a4918f4c21292da144f"
        },
        {
          "type": "cssRules",
          "assetId": "hB1Gp2sVqE1Y",
          "checksum": "042a863830211a4918f4c21292da144f"
        },
        {
          "type": "renderModule",
          "assetId": "M85d5PuEYHjB",
          "checksum": "ed1f5b0c412ba2c0c4e34c04bfb6499c"
        },
        {
          "type": "cssRules",
          "assetId": "M85d5PuEYHjB",
          "checksum": "ed1f5b0c412ba2c0c4e34c04bfb6499c"
        },
        {
          "type": "renderModule",
          "assetId": "xjYGIWY9sHm3",
          "checksum": "5e17e81d9f04dc50d7f76a7cab13cabb"
        },
        {
          "type": "cssRules",
          "assetId": "xjYGIWY9sHm3",
          "checksum": "5e17e81d9f04dc50d7f76a7cab13cabb"
        },
        {
          "type": "renderModule",
          "assetId": "Sw7YkqK-THBr",
          "checksum": "bfeeebba8c3ad7e22f7412fe9955e2c4"
        },
        {
          "type": "cssRules",
          "assetId": "Sw7YkqK-THBr",
          "checksum": "bfeeebba8c3ad7e22f7412fe9955e2c4"
        },
        {
          "type": "renderModule",
          "assetId": "Jm9sOTj_lz14",
          "checksum": "5b49d58e24a74e265140eaac3c9d21fa"
        },
        {
          "type": "cssRules",
          "assetId": "Jm9sOTj_lz14",
          "checksum": "5b49d58e24a74e265140eaac3c9d21fa"
        },
        {
          "type": "renderModule",
          "assetId": "_iKUwuPABl8l",
          "checksum": "55955e6ba30171fd3a4b255852fd8c23"
        },
        {
          "type": "cssRules",
          "assetId": "_iKUwuPABl8l",
          "checksum": "55955e6ba30171fd3a4b255852fd8c23"
        },
        {
          "type": "renderModule",
          "assetId": "md4EaDOXNz1F",
          "checksum": "93b34b211721ea38b3f171d1a2c7fc42"
        },
        {
          "type": "cssRules",
          "assetId": "md4EaDOXNz1F",
          "checksum": "93b34b211721ea38b3f171d1a2c7fc42"
        },
        {
          "type": "renderModule",
          "assetId": "lgI0frFnwOl3",
          "checksum": "0eb42acfcebc9c0d58d5bd1a28727975"
        },
        {
          "type": "cssRules",
          "assetId": "lgI0frFnwOl3",
          "checksum": "0eb42acfcebc9c0d58d5bd1a28727975"
        },
        {
          "type": "renderModule",
          "assetId": "jQpquN-Hbm6_",
          "checksum": "80a5d4fabecdc5abf2e0c00caa4ee1f3"
        },
        {
          "type": "cssRules",
          "assetId": "jQpquN-Hbm6_",
          "checksum": "80a5d4fabecdc5abf2e0c00caa4ee1f3"
        },
        {
          "type": "renderModule",
          "assetId": "iUYyw2SejOFe",
          "checksum": "eae6901b9666896ef74d720d56cf34ed"
        },
        {
          "type": "cssRules",
          "assetId": "iUYyw2SejOFe",
          "checksum": "eae6901b9666896ef74d720d56cf34ed"
        },
        {
          "type": "renderModule",
          "assetId": "jEclp1wVOfdR",
          "checksum": "d6e22658dcf858c4f043a484122888e4"
        },
        {
          "type": "cssRules",
          "assetId": "jEclp1wVOfdR",
          "checksum": "d6e22658dcf858c4f043a484122888e4"
        },
        {
          "type": "renderModule",
          "assetId": "IU_zK4qx1b2B",
          "checksum": "1c5ccc6926abbc8d58fc3102540eafd4"
        },
        {
          "type": "cssRules",
          "assetId": "IU_zK4qx1b2B",
          "checksum": "1c5ccc6926abbc8d58fc3102540eafd4"
        },
        {
          "type": "renderModule",
          "assetId": "twKn1wDYGGnB",
          "checksum": "6c3604652c53c95dbd1fce71fdec9bfb"
        },
        {
          "type": "cssRules",
          "assetId": "twKn1wDYGGnB",
          "checksum": "6c3604652c53c95dbd1fce71fdec9bfb"
        },
        {
          "type": "renderModule",
          "assetId": "4dq5BM53Q8ur",
          "checksum": "4dd68d78b5e8753934b7a2dc951b8ab3"
        },
        {
          "type": "cssRules",
          "assetId": "4dq5BM53Q8ur",
          "checksum": "4dd68d78b5e8753934b7a2dc951b8ab3"
        },
        {
          "type": "renderModule",
          "assetId": "qe5I-33P4Kyv",
          "checksum": "65d4d78aff4571c348915fa639ec5a54"
        },
        {
          "type": "cssRules",
          "assetId": "qe5I-33P4Kyv",
          "checksum": "65d4d78aff4571c348915fa639ec5a54"
        },
        {
          "type": "renderModule",
          "assetId": "0GJYXgHy6SrU",
          "checksum": "ae1109d2729fd2affe886cd6179e6a10"
        },
        {
          "type": "cssRules",
          "assetId": "0GJYXgHy6SrU",
          "checksum": "ae1109d2729fd2affe886cd6179e6a10"
        },
        {
          "type": "renderModule",
          "assetId": "NOiotqe2FUOK",
          "checksum": "c10a42bacfa03c5795d5f6842777db35"
        },
        {
          "type": "cssRules",
          "assetId": "NOiotqe2FUOK",
          "checksum": "c10a42bacfa03c5795d5f6842777db35"
        },
        {
          "type": "renderModule",
          "assetId": "IhRw9yiGNV_j",
          "checksum": "7a0ad6d23a347b2ee0d59d5ba7168c9d"
        },
        {
          "type": "cssRules",
          "assetId": "IhRw9yiGNV_j",
          "checksum": "7a0ad6d23a347b2ee0d59d5ba7168c9d"
        },
        {
          "type": "renderModule",
          "assetId": "-XlZef030BwK",
          "checksum": "72cb277dd60fc5b88c680727b072e66e"
        },
        {
          "type": "cssRules",
          "assetId": "-XlZef030BwK",
          "checksum": "72cb277dd60fc5b88c680727b072e66e"
        },
        {
          "type": "renderModule",
          "assetId": "Z47qr9FlKs7a",
          "checksum": "4bb7b01183f78a86a56e4acfd30e6181"
        },
        {
          "type": "cssRules",
          "assetId": "Z47qr9FlKs7a",
          "checksum": "4bb7b01183f78a86a56e4acfd30e6181"
        },
        {
          "type": "icon",
          "assetId": "8dB3_SwNGYDe",
          "checksum": "5228d589c347ed0e1a50823dcdedb9b5"
        },
        {
          "type": "icon",
          "assetId": "UfpppoAuS42n",
          "checksum": "17d4221cb9624dc5cd69b1a7a4fd2623"
        },
        {
          "type": "icon",
          "assetId": "mftmrk2VG2AD",
          "checksum": "caf96164d740b0586b225accc5b9649d"
        },
        {
          "type": "icon",
          "assetId": "UOj21FVOkWIl",
          "checksum": "fa9e4b3de01193580daf1e1ec7bb574c"
        },
        {
          "type": "icon",
          "assetId": "e3mjAV2QY1_m",
          "checksum": "8f4d3e2c76974c5b15fb1eb8a16a6b46"
        },
        {
          "type": "image",
          "assetId": "ZeQe0756b45e",
          "checksum": "ee456f687f9cba65746add5d52cd21c5"
        },
        {
          "type": "image",
          "assetId": "0KzqLfvANt8n",
          "checksum": "5801be104319830e2e797b44f5c05d93"
        },
        {
          "type": "image",
          "assetId": "XXG6PxiYQetJ",
          "checksum": "319c1da46dd86ec2358a6d97466c31d1"
        },
        {
          "type": "image",
          "assetId": "ghjxBRTRmWY8",
          "checksum": "e7c166a8d4e2e2de0ef9bbdd2ee27f33"
        },
        {
          "type": "image",
          "assetId": "nJB96a7gfp5K",
          "checksum": "992e0ee44d94df7f15732b4503de1c36"
        },
        {
          "type": "image",
          "assetId": "ro7kZ7vwFIBu",
          "checksum": "6da6bc0b20d8b32103090e158683f50d"
        },
        {
          "type": "image",
          "assetId": "TD6R-0P2BOJ9",
          "checksum": "488fd2c8ca3ef6fe0cdf45e16a801e39"
        },
        {
          "type": "image",
          "assetId": "DGBvGQ16_-XM",
          "checksum": "f02bd65cb48efcf30c21914375200f93"
        },
        {
          "type": "image",
          "assetId": "18ZPxqJmoKQX",
          "checksum": "9686f7bc535b113e33a0e3fb7761cd3a"
        },
        {
          "type": "image",
          "assetId": "r7lp-rKWGYyM",
          "checksum": "d7d7181fe34848b55887e43cd3668d09"
        },
        {
          "type": "image",
          "assetId": "pWU1MMI-90CH",
          "checksum": "8d064645503141a23d59bd474654a7e4"
        },
        {
          "type": "image",
          "assetId": "ifSVhu4Odm-k",
          "checksum": "20ad516cca73d16ea20136cd8a8314b4"
        },
        {
          "type": "image",
          "assetId": "byUEMCvkvkwv",
          "checksum": "53a665afce3a8b77d30a8a628a62db6c"
        },
        {
          "type": "image",
          "assetId": "tHAqOIEMxNGp",
          "checksum": "668597edebe32a1b4284e8c0820be5ad"
        },
        {
          "type": "image",
          "assetId": "6GrVyVaWlN7x",
          "checksum": "47293207650f941c0e81dfd266833259"
        },
        {
          "type": "image",
          "assetId": "IWXqB5QPMzSu",
          "checksum": "a10fa3d020ddf5897e95edc17faf6f96"
        },
        {
          "type": "image",
          "assetId": "kdJrpchLhdQ6",
          "checksum": "db202d9642b3ae3a88710820cda925cf"
        },
        {
          "type": "image",
          "assetId": "ZG0B3JP3DU5T",
          "checksum": "f7caf8ff665da4c73ce01ebd08963bd3"
        },
        {
          "type": "image",
          "assetId": "BjHvEaDr2Qlm",
          "checksum": "a2adace1ee1562057bcde50a039999ca"
        },
        {
          "type": "image",
          "assetId": "nZJb9RDAQxZC",
          "checksum": "9c4a78958ec6cc798ac04760f36a12c8"
        },
        {
          "type": "image",
          "assetId": "HwtTKdsP80zj",
          "checksum": "1fb11a6f1f008c7976c974951034c8a3"
        },
        {
          "type": "image",
          "assetId": "MQe04XHw8vrd",
          "checksum": "f95592800e3f2ade50f5441abfbe46a4"
        },
        {
          "type": "image",
          "assetId": "Ogd1By2PU8px",
          "checksum": "a7644a670eb2b6cab90c9ce2ebe1131f"
        },
        {
          "type": "image",
          "assetId": "lcStXjV52h1G",
          "checksum": "212ff3b3c11a98fd80aa09a5555429a1"
        },
        {
          "type": "image",
          "assetId": "UjOCL0V0971V",
          "checksum": "653d281f0f9a5192ba8696933156e83b"
        },
        {
          "type": "image",
          "assetId": "fKgkjnMSbNtQ",
          "checksum": "6770cf52338eca29c8dc25dc151ec260"
        },
        {
          "type": "image",
          "assetId": "vN1B0Rytj8YR",
          "checksum": "d00b335e534005fe8ee910e5a4c72200"
        },
        {
          "type": "image",
          "assetId": "muDZmXBfAe5J",
          "checksum": "644cd2af6374e81a9e4d055ecd8a92e6"
        },
        {
          "type": "image",
          "assetId": "5Iqc2oFon57-",
          "checksum": "5b2e8b3958ebb6f8ebe048bdd0c5f8ac"
        },
        {
          "type": "image",
          "assetId": "iMLaegHLFQcv",
          "checksum": "8b176313596b5350c6b031f6c79bb815"
        },
        {
          "type": "image",
          "assetId": "H6qivwwaWqkW",
          "checksum": "c7dbe054c1ebb85a77611ad28a67cc3b"
        },
        {
          "type": "image",
          "assetId": "vs0Iu4-wSity",
          "checksum": "9d5a31b7f019a184ce368e35d61aa8eb"
        },
        {
          "type": "image",
          "assetId": "TsO66tCoLlqv",
          "checksum": "f0f15c3ffd438c960201686afba1f189"
        },
        {
          "type": "image",
          "assetId": "uh7csi0npJ24",
          "checksum": "beca7f066e86c7b2c5b44daa66d36eda"
        },
        {
          "type": "image",
          "assetId": "oIbhsAR1ASHP",
          "checksum": "aa847c13f0cd52870410fb606cd6b6a3"
        },
        {
          "type": "image",
          "assetId": "8ZMGLHRyFbDj",
          "checksum": "1e7bc9f5c345461299afcfe97003dc34"
        },
        {
          "type": "image",
          "assetId": "67TMF1AfirGB",
          "checksum": "b0376b8aa07a300971e9e815921eafa0"
        },
        {
          "type": "image",
          "assetId": "eKdGxwdYCa6w",
          "checksum": "a3705c1076abd6d27761b8e0fd45b2bc"
        },
        {
          "type": "image",
          "assetId": "7-xaPfaMbvKz",
          "checksum": "1a6422d4aca573b602bd0e1fd47a9380"
        },
        {
          "type": "image",
          "assetId": "xfPm8OCGUvU6",
          "checksum": "41d54fed7ee467eba2615947966e512b"
        },
        {
          "type": "image",
          "assetId": "otoyP5jPs6gf",
          "checksum": "71fe9061e937591b9ef7b815efe3ecfc"
        },
        {
          "type": "image",
          "assetId": "q6l3hupOvDm9",
          "checksum": "2a7395afd3afa60113ea4d43e602591b"
        },
        {
          "type": "image",
          "assetId": "Lte5oProtrkx",
          "checksum": "d1e6d34c61ad684c54fd6aaee54fbbea"
        },
        {
          "type": "image",
          "assetId": "e4jU2f61J_q3",
          "checksum": "f42a32c50938aee1757f3f14387972db"
        },
        {
          "type": "image",
          "assetId": "c9IWp_hE7YX0",
          "checksum": "fb38d5cc04f5256f701e225cd4b452a7"
        },
        {
          "type": "image",
          "assetId": "7yy9fRDIrtqA",
          "checksum": "401675d13174abca1aa5c5c1631e9bd2"
        },
        {
          "type": "image",
          "assetId": "MxWf0RGdXJlN",
          "checksum": "6bdd472b2d3d552f5220744d8aa8fc8d"
        },
        {
          "type": "image",
          "assetId": "_I8AbsstAiRM",
          "checksum": "c478159708be7d04c84853d9e1760f10"
        },
        {
          "type": "image",
          "assetId": "phaOmX4mIkTP",
          "checksum": "a25c7ac0934605553f66af3b73955acc"
        },
        {
          "type": "image",
          "assetId": "L_r3GhE3uYNt",
          "checksum": "5ea38704802d52110ee24ef288ad0e51"
        },
        {
          "type": "image",
          "assetId": "XJ8klZOFjFHC",
          "checksum": "1a8747deaf3eda3a47ad91454500f90e"
        }
      ],
      "codegenVersion": "0.0.1"
    }
  ],
  "cliVersion": "0.1.330"
}
