{
  "projects": [
    {
      "projectId": "sqPBLwEBBKHA2WDuGb17eV",
      "version": "0.12.0",
      "dependencies": {},
      "lang": "ts",
      "fileLocks": [
        {
          "assetId": "sqPBLwEBBKHA2WDuGb17eV",
          "type": "projectCss",
          "checksum": "e1ec850476829c38b0f9b6d4f7ac446a"
        },
        {
          "type": "renderModule",
          "assetId": "5nirPCGmCnRD",
          "checksum": "ee7e08729f1dc171f995cf94e148f481"
        },
        {
          "type": "cssRules",
          "assetId": "5nirPCGmCnRD",
          "checksum": "ee7e08729f1dc171f995cf94e148f481"
        },
        {
          "type": "icon",
          "assetId": "Wyt3GMMsLefj",
          "checksum": "d8c88f04735c43b3f7790b0889d20e0c"
        },
        {
          "type": "icon",
          "assetId": "MbDRsJU0e3bw",
          "checksum": "92672aa6935120ebaac11939d8d127bb"
        }
      ],
      "codegenVersion": "0.0.1"
    },
    {
      "projectId": "caTPwKxj5ZrD9LQ7DMdK4Z",
      "version": "3.36.0",
      "dependencies": {},
      "lang": "ts",
      "fileLocks": [
        {
          "assetId": "caTPwKxj5ZrD9LQ7DMdK4Z",
          "type": "projectCss",
          "checksum": "e1ec850476829c38b0f9b6d4f7ac446a"
        }
      ],
      "codegenVersion": "0.0.1"
    },
    {
      "projectId": "enk3K4vZ6pmH6kVCoZJXGn",
      "version": "4.23.0",
      "dependencies": {},
      "lang": "ts",
      "fileLocks": [
        {
          "assetId": "enk3K4vZ6pmH6kVCoZJXGn",
          "type": "projectCss",
          "checksum": "46129a8140f7bf604dec903e19777f53"
        }
      ],
      "codegenVersion": "0.0.1"
    },
    {
      "projectId": "9Vr5YWkf3w7jj6SsTcCEta",
      "version": "0.10.0",
      "dependencies": {},
      "lang": "ts",
      "fileLocks": [
        {
          "assetId": "9Vr5YWkf3w7jj6SsTcCEta",
          "type": "projectCss",
          "checksum": "e1ec850476829c38b0f9b6d4f7ac446a"
        }
      ],
      "codegenVersion": "0.0.1"
    },
    {
      "projectId": "jkU633o1Cz7HrJdwdxhVHk",
      "version": "16.10.0",
      "dependencies": {},
      "lang": "ts",
      "fileLocks": [
        {
          "assetId": "jkU633o1Cz7HrJdwdxhVHk",
          "type": "projectCss",
          "checksum": "0581d4378bb1604bb5fe3f65bb0a37de"
        }
      ],
      "codegenVersion": "0.0.1"
    },
    {
      "projectId": "ohDidvG9XsCeFumugENU3J",
      "version": "6.24.0",
      "dependencies": {},
      "lang": "ts",
      "fileLocks": [
        {
          "assetId": "ohDidvG9XsCeFumugENU3J",
          "type": "projectCss",
          "checksum": "fd83b730367fdbde2c69bc6cf31c2a3c"
        },
        {
          "assetId": "ohDidvG9XsCeFumugENU3J",
          "checksum": "de0a0e65174a6a185a8f822af51c6bdd",
          "type": "globalContexts"
        }
      ],
      "codegenVersion": "0.0.1"
    },
    {
      "projectId": "oGeya3WnsoRJC1KzKAMsFn",
      "version": "latest",
      "dependencies": {
        "ohDidvG9XsCeFumugENU3J": "6.24.0",
        "jkU633o1Cz7HrJdwdxhVHk": "16.10.0",
        "9Vr5YWkf3w7jj6SsTcCEta": "0.10.0",
        "enk3K4vZ6pmH6kVCoZJXGn": "4.23.0",
        "caTPwKxj5ZrD9LQ7DMdK4Z": "3.36.0",
        "sqPBLwEBBKHA2WDuGb17eV": "0.12.0"
      },
      "lang": "ts",
      "fileLocks": [
        {
          "type": "globalVariant",
          "assetId": "UQQBn-MBO3lj",
          "checksum": "0761e62b9f27eef6a3d8cbee7713aabe"
        },
        {
          "assetId": "oGeya3WnsoRJC1KzKAMsFn",
          "checksum": "48b0d95190518de02aad426cdc2df573",
          "type": "globalContexts"
        },
        {
          "type": "renderModule",
          "assetId": "jZqYv8Xxz7kv",
          "checksum": "fc15ec1db8517bb2bab4b5587ab8fc46"
        },
        {
          "type": "cssRules",
          "assetId": "jZqYv8Xxz7kv",
          "checksum": "fc15ec1db8517bb2bab4b5587ab8fc46"
        },
        {
          "type": "renderModule",
          "assetId": "TNi8QlGYkAY_",
          "checksum": "a649d949ce258dea6940ff1011ed6743"
        },
        {
          "type": "cssRules",
          "assetId": "TNi8QlGYkAY_",
          "checksum": "a649d949ce258dea6940ff1011ed6743"
        },
        {
          "type": "renderModule",
          "assetId": "pqSwxHktI5g4",
          "checksum": "0e7cfb7b4ff41f4234be1f25338385ae"
        },
        {
          "type": "cssRules",
          "assetId": "pqSwxHktI5g4",
          "checksum": "0e7cfb7b4ff41f4234be1f25338385ae"
        },
        {
          "type": "renderModule",
          "assetId": "8_0vv4y59QzM",
          "checksum": "c939df05f112227286370ad0352958f8"
        },
        {
          "type": "cssRules",
          "assetId": "8_0vv4y59QzM",
          "checksum": "c939df05f112227286370ad0352958f8"
        },
        {
          "type": "renderModule",
          "assetId": "BK2C5FjyJXSq",
          "checksum": "c7ae6d7e2390add1fe6642bac4e772c6"
        },
        {
          "type": "cssRules",
          "assetId": "BK2C5FjyJXSq",
          "checksum": "c7ae6d7e2390add1fe6642bac4e772c6"
        },
        {
          "type": "renderModule",
          "assetId": "GpnVH_JRpYlU",
          "checksum": "465a33f59b09fd60071a436e9e97d721"
        },
        {
          "type": "cssRules",
          "assetId": "GpnVH_JRpYlU",
          "checksum": "465a33f59b09fd60071a436e9e97d721"
        },
        {
          "type": "renderModule",
          "assetId": "EiQqF0UYpflC",
          "checksum": "7b27b7f9d2ef2550aa80ee30b0b7afe3"
        },
        {
          "type": "cssRules",
          "assetId": "EiQqF0UYpflC",
          "checksum": "7b27b7f9d2ef2550aa80ee30b0b7afe3"
        },
        {
          "type": "renderModule",
          "assetId": "a2CyCAHg3qb-",
          "checksum": "39eb773b130bbb688014b7515ca2b41a"
        },
        {
          "type": "cssRules",
          "assetId": "a2CyCAHg3qb-",
          "checksum": "39eb773b130bbb688014b7515ca2b41a"
        },
        {
          "type": "renderModule",
          "assetId": "KKJsW6jZpEea",
          "checksum": "379ecd8f87c121063428dd9b041b79aa"
        },
        {
          "type": "cssRules",
          "assetId": "KKJsW6jZpEea",
          "checksum": "379ecd8f87c121063428dd9b041b79aa"
        },
        {
          "type": "renderModule",
          "assetId": "rHrZcTzmh6iK",
          "checksum": "49ed3552ff00e35d65da890fb8f2d08c"
        },
        {
          "type": "cssRules",
          "assetId": "rHrZcTzmh6iK",
          "checksum": "49ed3552ff00e35d65da890fb8f2d08c"
        },
        {
          "type": "renderModule",
          "assetId": "9qP1Gp2tCR8X",
          "checksum": "578c5146cb143720c855470afef54dcc"
        },
        {
          "type": "cssRules",
          "assetId": "9qP1Gp2tCR8X",
          "checksum": "578c5146cb143720c855470afef54dcc"
        },
        {
          "type": "renderModule",
          "assetId": "igEBFcEH8tLa",
          "checksum": "3095da4b3b7c703d8fcea9c6f28cef66"
        },
        {
          "type": "cssRules",
          "assetId": "igEBFcEH8tLa",
          "checksum": "3095da4b3b7c703d8fcea9c6f28cef66"
        },
        {
          "type": "renderModule",
          "assetId": "Zs6_mjgOZ7c8",
          "checksum": "7bfbb387f5457a275479dc90d4187d13"
        },
        {
          "type": "cssRules",
          "assetId": "Zs6_mjgOZ7c8",
          "checksum": "7bfbb387f5457a275479dc90d4187d13"
        },
        {
          "type": "renderModule",
          "assetId": "Wd7Ser5vo2-7",
          "checksum": "29b87fa24240a74178bb1e658ba3f74e"
        },
        {
          "type": "cssRules",
          "assetId": "Wd7Ser5vo2-7",
          "checksum": "29b87fa24240a74178bb1e658ba3f74e"
        },
        {
          "type": "renderModule",
          "assetId": "IBaPvSTnZ7Z4",
          "checksum": "b9fb79c2e671271169927ac0e1034585"
        },
        {
          "type": "cssRules",
          "assetId": "IBaPvSTnZ7Z4",
          "checksum": "b9fb79c2e671271169927ac0e1034585"
        },
        {
          "type": "renderModule",
          "assetId": "xxuq2XOgUyIg",
          "checksum": "2c73bb224357950c08cf47469659539c"
        },
        {
          "type": "cssRules",
          "assetId": "xxuq2XOgUyIg",
          "checksum": "2c73bb224357950c08cf47469659539c"
        },
        {
          "type": "renderModule",
          "assetId": "jWRF2fEWxSAW",
          "checksum": "b43ca3a3252b81ead3bfd4c5d23987f8"
        },
        {
          "type": "cssRules",
          "assetId": "jWRF2fEWxSAW",
          "checksum": "b43ca3a3252b81ead3bfd4c5d23987f8"
        },
        {
          "type": "renderModule",
          "assetId": "-t4lea1sBi9t",
          "checksum": "8c83c03f9daa715115f834f6bc3292d7"
        },
        {
          "type": "cssRules",
          "assetId": "-t4lea1sBi9t",
          "checksum": "8c83c03f9daa715115f834f6bc3292d7"
        },
        {
          "type": "renderModule",
          "assetId": "4hqdijgZUH9F",
          "checksum": "a8b3e6ee8f7a8b1fead0944de9d66332"
        },
        {
          "type": "cssRules",
          "assetId": "4hqdijgZUH9F",
          "checksum": "a8b3e6ee8f7a8b1fead0944de9d66332"
        },
        {
          "type": "renderModule",
          "assetId": "EshJXBjt74tC",
          "checksum": "a41c956f9b0fe3dac23d40d0535903be"
        },
        {
          "type": "cssRules",
          "assetId": "EshJXBjt74tC",
          "checksum": "a41c956f9b0fe3dac23d40d0535903be"
        },
        {
          "type": "renderModule",
          "assetId": "V-yKcXQfPehz",
          "checksum": "15e6b9b2cd54074e34b6019d6e616208"
        },
        {
          "type": "cssRules",
          "assetId": "V-yKcXQfPehz",
          "checksum": "15e6b9b2cd54074e34b6019d6e616208"
        },
        {
          "type": "renderModule",
          "assetId": "DBKyCIela7NX",
          "checksum": "8db00946dee950932ae6d1466ce57029"
        },
        {
          "type": "cssRules",
          "assetId": "DBKyCIela7NX",
          "checksum": "8db00946dee950932ae6d1466ce57029"
        },
        {
          "type": "renderModule",
          "assetId": "5SPjl5ekEqdn",
          "checksum": "99a3392b7d6c09944980412b203c6baa"
        },
        {
          "type": "cssRules",
          "assetId": "5SPjl5ekEqdn",
          "checksum": "99a3392b7d6c09944980412b203c6baa"
        },
        {
          "type": "renderModule",
          "assetId": "r_asLNT8dm16",
          "checksum": "91992dd2b902a1db1387993ddaf88a28"
        },
        {
          "type": "cssRules",
          "assetId": "r_asLNT8dm16",
          "checksum": "91992dd2b902a1db1387993ddaf88a28"
        },
        {
          "type": "renderModule",
          "assetId": "Sa3ZnkOjK7yy",
          "checksum": "f2b1a13ed7eb6d28d7dfa4f74f58bae2"
        },
        {
          "type": "cssRules",
          "assetId": "Sa3ZnkOjK7yy",
          "checksum": "f2b1a13ed7eb6d28d7dfa4f74f58bae2"
        },
        {
          "type": "renderModule",
          "assetId": "JG7NN8qCFIwl",
          "checksum": "d9cfad452fa5781cabf1fcaa1986b5ef"
        },
        {
          "type": "cssRules",
          "assetId": "JG7NN8qCFIwl",
          "checksum": "d9cfad452fa5781cabf1fcaa1986b5ef"
        },
        {
          "type": "renderModule",
          "assetId": "gFan7cAIHj-F",
          "checksum": "5e407128b845c2e2aebde374f43843b5"
        },
        {
          "type": "cssRules",
          "assetId": "gFan7cAIHj-F",
          "checksum": "5e407128b845c2e2aebde374f43843b5"
        },
        {
          "type": "renderModule",
          "assetId": "yqErvYJNrEdJ",
          "checksum": "e905e4886eb37d514e5efced215560ae"
        },
        {
          "type": "cssRules",
          "assetId": "yqErvYJNrEdJ",
          "checksum": "e905e4886eb37d514e5efced215560ae"
        },
        {
          "type": "renderModule",
          "assetId": "Bgnlf63rYOo6",
          "checksum": "7b432abd2a96f6ceab5c3e29b45f1150"
        },
        {
          "type": "cssRules",
          "assetId": "Bgnlf63rYOo6",
          "checksum": "7b432abd2a96f6ceab5c3e29b45f1150"
        },
        {
          "type": "renderModule",
          "assetId": "hB1Gp2sVqE1Y",
          "checksum": "49e9ae89edfe9f4c9da1bba0684d0da4"
        },
        {
          "type": "cssRules",
          "assetId": "hB1Gp2sVqE1Y",
          "checksum": "49e9ae89edfe9f4c9da1bba0684d0da4"
        },
        {
          "type": "renderModule",
          "assetId": "M85d5PuEYHjB",
          "checksum": "ed1f5b0c412ba2c0c4e34c04bfb6499c"
        },
        {
          "type": "cssRules",
          "assetId": "M85d5PuEYHjB",
          "checksum": "ed1f5b0c412ba2c0c4e34c04bfb6499c"
        },
        {
          "type": "renderModule",
          "assetId": "xjYGIWY9sHm3",
          "checksum": "5e17e81d9f04dc50d7f76a7cab13cabb"
        },
        {
          "type": "cssRules",
          "assetId": "xjYGIWY9sHm3",
          "checksum": "5e17e81d9f04dc50d7f76a7cab13cabb"
        },
        {
          "type": "renderModule",
          "assetId": "Sw7YkqK-THBr",
          "checksum": "bfeeebba8c3ad7e22f7412fe9955e2c4"
        },
        {
          "type": "cssRules",
          "assetId": "Sw7YkqK-THBr",
          "checksum": "bfeeebba8c3ad7e22f7412fe9955e2c4"
        },
        {
          "type": "renderModule",
          "assetId": "Jm9sOTj_lz14",
          "checksum": "39f78d5e101c8dc4ba43031cd8e57213"
        },
        {
          "type": "cssRules",
          "assetId": "Jm9sOTj_lz14",
          "checksum": "39f78d5e101c8dc4ba43031cd8e57213"
        },
        {
          "type": "renderModule",
          "assetId": "_iKUwuPABl8l",
          "checksum": "d690854c67ef4e2c9b0e1bcf21f841a3"
        },
        {
          "type": "cssRules",
          "assetId": "_iKUwuPABl8l",
          "checksum": "d690854c67ef4e2c9b0e1bcf21f841a3"
        },
        {
          "type": "renderModule",
          "assetId": "md4EaDOXNz1F",
          "checksum": "88a722e5d2e0a51b08a358512c4e91b6"
        },
        {
          "type": "cssRules",
          "assetId": "md4EaDOXNz1F",
          "checksum": "88a722e5d2e0a51b08a358512c4e91b6"
        },
        {
          "type": "renderModule",
          "assetId": "lgI0frFnwOl3",
          "checksum": "097414fcd37d11b70350e701d66db76a"
        },
        {
          "type": "cssRules",
          "assetId": "lgI0frFnwOl3",
          "checksum": "097414fcd37d11b70350e701d66db76a"
        },
        {
          "type": "renderModule",
          "assetId": "jQpquN-Hbm6_",
          "checksum": "c1fa91148ad5d9e0f286da242e95ee4c"
        },
        {
          "type": "cssRules",
          "assetId": "jQpquN-Hbm6_",
          "checksum": "c1fa91148ad5d9e0f286da242e95ee4c"
        },
        {
          "type": "renderModule",
          "assetId": "iUYyw2SejOFe",
          "checksum": "fad5af772047a4ed28ef9304e41170c5"
        },
        {
          "type": "cssRules",
          "assetId": "iUYyw2SejOFe",
          "checksum": "fad5af772047a4ed28ef9304e41170c5"
        },
        {
          "type": "renderModule",
          "assetId": "jEclp1wVOfdR",
          "checksum": "43cd629fba344a6de0751ba3dc098666"
        },
        {
          "type": "cssRules",
          "assetId": "jEclp1wVOfdR",
          "checksum": "43cd629fba344a6de0751ba3dc098666"
        },
        {
          "type": "renderModule",
          "assetId": "IU_zK4qx1b2B",
          "checksum": "370b3d64c0d2846762fdfcc338d8cdf7"
        },
        {
          "type": "cssRules",
          "assetId": "IU_zK4qx1b2B",
          "checksum": "370b3d64c0d2846762fdfcc338d8cdf7"
        },
        {
          "type": "renderModule",
          "assetId": "twKn1wDYGGnB",
          "checksum": "98f67d78759d7c426ce7f60e1454a6e5"
        },
        {
          "type": "cssRules",
          "assetId": "twKn1wDYGGnB",
          "checksum": "98f67d78759d7c426ce7f60e1454a6e5"
        },
        {
          "type": "renderModule",
          "assetId": "4dq5BM53Q8ur",
          "checksum": "667d253db8d0a564f3b94b13d164a03b"
        },
        {
          "type": "cssRules",
          "assetId": "4dq5BM53Q8ur",
          "checksum": "667d253db8d0a564f3b94b13d164a03b"
        },
        {
          "type": "renderModule",
          "assetId": "qe5I-33P4Kyv",
          "checksum": "a8347de25b360f91bb4078faffa4444b"
        },
        {
          "type": "cssRules",
          "assetId": "qe5I-33P4Kyv",
          "checksum": "a8347de25b360f91bb4078faffa4444b"
        },
        {
          "type": "renderModule",
          "assetId": "0GJYXgHy6SrU",
          "checksum": "438054ba5d624ec45ac8c7270440041a"
        },
        {
          "type": "cssRules",
          "assetId": "0GJYXgHy6SrU",
          "checksum": "438054ba5d624ec45ac8c7270440041a"
        },
        {
          "type": "renderModule",
          "assetId": "NOiotqe2FUOK",
          "checksum": "a733ff494cb6240bb3037a4a2918f4c6"
        },
        {
          "type": "cssRules",
          "assetId": "NOiotqe2FUOK",
          "checksum": "a733ff494cb6240bb3037a4a2918f4c6"
        },
        {
          "type": "renderModule",
          "assetId": "IhRw9yiGNV_j",
          "checksum": "587d5b7a44d40d87373e8fbc54d43020"
        },
        {
          "type": "cssRules",
          "assetId": "IhRw9yiGNV_j",
          "checksum": "587d5b7a44d40d87373e8fbc54d43020"
        },
        {
          "type": "renderModule",
          "assetId": "-XlZef030BwK",
          "checksum": "23bcb12575123c0538ddc3f069c64d93"
        },
        {
          "type": "cssRules",
          "assetId": "-XlZef030BwK",
          "checksum": "23bcb12575123c0538ddc3f069c64d93"
        },
        {
          "type": "renderModule",
          "assetId": "Z47qr9FlKs7a",
          "checksum": "fdab7d1f8eeada36ece3b9d2a85e22c3"
        },
        {
          "type": "cssRules",
          "assetId": "Z47qr9FlKs7a",
          "checksum": "fdab7d1f8eeada36ece3b9d2a85e22c3"
        },
        {
          "type": "icon",
          "assetId": "8dB3_SwNGYDe",
          "checksum": "5228d589c347ed0e1a50823dcdedb9b5"
        },
        {
          "type": "icon",
          "assetId": "UfpppoAuS42n",
          "checksum": "17d4221cb9624dc5cd69b1a7a4fd2623"
        },
        {
          "type": "icon",
          "assetId": "mftmrk2VG2AD",
          "checksum": "caf96164d740b0586b225accc5b9649d"
        },
        {
          "type": "icon",
          "assetId": "UOj21FVOkWIl",
          "checksum": "fa9e4b3de01193580daf1e1ec7bb574c"
        },
        {
          "type": "icon",
          "assetId": "e3mjAV2QY1_m",
          "checksum": "8f4d3e2c76974c5b15fb1eb8a16a6b46"
        },
        {
          "type": "image",
          "assetId": "ZeQe0756b45e",
          "checksum": "ee456f687f9cba65746add5d52cd21c5"
        },
        {
          "type": "image",
          "assetId": "0KzqLfvANt8n",
          "checksum": "5801be104319830e2e797b44f5c05d93"
        },
        {
          "type": "image",
          "assetId": "XXG6PxiYQetJ",
          "checksum": "319c1da46dd86ec2358a6d97466c31d1"
        },
        {
          "type": "image",
          "assetId": "ghjxBRTRmWY8",
          "checksum": "e7c166a8d4e2e2de0ef9bbdd2ee27f33"
        },
        {
          "type": "image",
          "assetId": "nJB96a7gfp5K",
          "checksum": "992e0ee44d94df7f15732b4503de1c36"
        },
        {
          "type": "image",
          "assetId": "ro7kZ7vwFIBu",
          "checksum": "6da6bc0b20d8b32103090e158683f50d"
        },
        {
          "type": "image",
          "assetId": "TD6R-0P2BOJ9",
          "checksum": "488fd2c8ca3ef6fe0cdf45e16a801e39"
        },
        {
          "type": "image",
          "assetId": "DGBvGQ16_-XM",
          "checksum": "f02bd65cb48efcf30c21914375200f93"
        },
        {
          "type": "image",
          "assetId": "18ZPxqJmoKQX",
          "checksum": "9686f7bc535b113e33a0e3fb7761cd3a"
        },
        {
          "type": "image",
          "assetId": "r7lp-rKWGYyM",
          "checksum": "d7d7181fe34848b55887e43cd3668d09"
        },
        {
          "type": "image",
          "assetId": "pWU1MMI-90CH",
          "checksum": "8d064645503141a23d59bd474654a7e4"
        },
        {
          "type": "image",
          "assetId": "ifSVhu4Odm-k",
          "checksum": "20ad516cca73d16ea20136cd8a8314b4"
        },
        {
          "type": "image",
          "assetId": "byUEMCvkvkwv",
          "checksum": "53a665afce3a8b77d30a8a628a62db6c"
        },
        {
          "type": "image",
          "assetId": "tHAqOIEMxNGp",
          "checksum": "668597edebe32a1b4284e8c0820be5ad"
        },
        {
          "type": "image",
          "assetId": "6GrVyVaWlN7x",
          "checksum": "47293207650f941c0e81dfd266833259"
        },
        {
          "type": "image",
          "assetId": "IWXqB5QPMzSu",
          "checksum": "a10fa3d020ddf5897e95edc17faf6f96"
        },
        {
          "type": "image",
          "assetId": "kdJrpchLhdQ6",
          "checksum": "db202d9642b3ae3a88710820cda925cf"
        },
        {
          "type": "image",
          "assetId": "ZG0B3JP3DU5T",
          "checksum": "f7caf8ff665da4c73ce01ebd08963bd3"
        },
        {
          "type": "image",
          "assetId": "BjHvEaDr2Qlm",
          "checksum": "a2adace1ee1562057bcde50a039999ca"
        },
        {
          "type": "image",
          "assetId": "nZJb9RDAQxZC",
          "checksum": "9c4a78958ec6cc798ac04760f36a12c8"
        },
        {
          "type": "image",
          "assetId": "HwtTKdsP80zj",
          "checksum": "1fb11a6f1f008c7976c974951034c8a3"
        },
        {
          "type": "image",
          "assetId": "MQe04XHw8vrd",
          "checksum": "f95592800e3f2ade50f5441abfbe46a4"
        },
        {
          "type": "image",
          "assetId": "Ogd1By2PU8px",
          "checksum": "a7644a670eb2b6cab90c9ce2ebe1131f"
        },
        {
          "type": "image",
          "assetId": "lcStXjV52h1G",
          "checksum": "212ff3b3c11a98fd80aa09a5555429a1"
        },
        {
          "type": "image",
          "assetId": "UjOCL0V0971V",
          "checksum": "653d281f0f9a5192ba8696933156e83b"
        },
        {
          "type": "image",
          "assetId": "fKgkjnMSbNtQ",
          "checksum": "6770cf52338eca29c8dc25dc151ec260"
        },
        {
          "type": "image",
          "assetId": "vN1B0Rytj8YR",
          "checksum": "d00b335e534005fe8ee910e5a4c72200"
        },
        {
          "type": "image",
          "assetId": "muDZmXBfAe5J",
          "checksum": "644cd2af6374e81a9e4d055ecd8a92e6"
        },
        {
          "type": "image",
          "assetId": "5Iqc2oFon57-",
          "checksum": "5b2e8b3958ebb6f8ebe048bdd0c5f8ac"
        },
        {
          "type": "image",
          "assetId": "iMLaegHLFQcv",
          "checksum": "8b176313596b5350c6b031f6c79bb815"
        },
        {
          "type": "image",
          "assetId": "H6qivwwaWqkW",
          "checksum": "c7dbe054c1ebb85a77611ad28a67cc3b"
        },
        {
          "type": "image",
          "assetId": "vs0Iu4-wSity",
          "checksum": "9d5a31b7f019a184ce368e35d61aa8eb"
        },
        {
          "type": "image",
          "assetId": "TsO66tCoLlqv",
          "checksum": "f0f15c3ffd438c960201686afba1f189"
        },
        {
          "type": "image",
          "assetId": "uh7csi0npJ24",
          "checksum": "beca7f066e86c7b2c5b44daa66d36eda"
        },
        {
          "type": "image",
          "assetId": "oIbhsAR1ASHP",
          "checksum": "aa847c13f0cd52870410fb606cd6b6a3"
        },
        {
          "type": "image",
          "assetId": "8ZMGLHRyFbDj",
          "checksum": "1e7bc9f5c345461299afcfe97003dc34"
        },
        {
          "type": "image",
          "assetId": "67TMF1AfirGB",
          "checksum": "b0376b8aa07a300971e9e815921eafa0"
        },
        {
          "type": "image",
          "assetId": "eKdGxwdYCa6w",
          "checksum": "a3705c1076abd6d27761b8e0fd45b2bc"
        },
        {
          "type": "image",
          "assetId": "7-xaPfaMbvKz",
          "checksum": "1a6422d4aca573b602bd0e1fd47a9380"
        },
        {
          "type": "image",
          "assetId": "xfPm8OCGUvU6",
          "checksum": "41d54fed7ee467eba2615947966e512b"
        },
        {
          "type": "image",
          "assetId": "otoyP5jPs6gf",
          "checksum": "71fe9061e937591b9ef7b815efe3ecfc"
        },
        {
          "type": "image",
          "assetId": "q6l3hupOvDm9",
          "checksum": "2a7395afd3afa60113ea4d43e602591b"
        },
        {
          "type": "image",
          "assetId": "Lte5oProtrkx",
          "checksum": "d1e6d34c61ad684c54fd6aaee54fbbea"
        },
        {
          "type": "image",
          "assetId": "e4jU2f61J_q3",
          "checksum": "f42a32c50938aee1757f3f14387972db"
        },
        {
          "type": "image",
          "assetId": "c9IWp_hE7YX0",
          "checksum": "fb38d5cc04f5256f701e225cd4b452a7"
        },
        {
          "type": "image",
          "assetId": "7yy9fRDIrtqA",
          "checksum": "401675d13174abca1aa5c5c1631e9bd2"
        },
        {
          "type": "image",
          "assetId": "MxWf0RGdXJlN",
          "checksum": "6bdd472b2d3d552f5220744d8aa8fc8d"
        },
        {
          "type": "image",
          "assetId": "_I8AbsstAiRM",
          "checksum": "c478159708be7d04c84853d9e1760f10"
        },
        {
          "type": "image",
          "assetId": "phaOmX4mIkTP",
          "checksum": "a25c7ac0934605553f66af3b73955acc"
        },
        {
          "type": "image",
          "assetId": "L_r3GhE3uYNt",
          "checksum": "5ea38704802d52110ee24ef288ad0e51"
        },
        {
          "type": "image",
          "assetId": "XJ8klZOFjFHC",
          "checksum": "1a8747deaf3eda3a47ad91454500f90e"
        },
        {
          "assetId": "oGeya3WnsoRJC1KzKAMsFn",
          "type": "projectCss",
          "checksum": "abf9321d765ae8b1cc2572e6a59a7a70"
        },
        {
          "type": "renderModule",
          "assetId": "wJInDymic-jV",
          "checksum": "e4d0a7e2672a2645f11742f5be3243d6"
        },
        {
          "type": "cssRules",
          "assetId": "wJInDymic-jV",
          "checksum": "e4d0a7e2672a2645f11742f5be3243d6"
        },
        {
          "type": "renderModule",
          "assetId": "qhaj42Z80BiW",
          "checksum": "24f7c6864e7b181cdf9048d510d06bdf"
        },
        {
          "type": "cssRules",
          "assetId": "qhaj42Z80BiW",
          "checksum": "24f7c6864e7b181cdf9048d510d06bdf"
        },
        {
          "type": "renderModule",
          "assetId": "EQGv6ZEqqBKL",
          "checksum": "46a84e1b14d52fe4cfd4e15e22902af1"
        },
        {
          "type": "cssRules",
          "assetId": "EQGv6ZEqqBKL",
          "checksum": "46a84e1b14d52fe4cfd4e15e22902af1"
        },
        {
          "type": "image",
          "assetId": "XwZ8A7hrxlji",
          "checksum": "2b7a18737217cf56096b77cdf6f27fb5"
        },
        {
          "type": "image",
          "assetId": "M3Mc_3O5ljmp",
          "checksum": "a7d6f7ea68133bae388dde3429be2d93"
        },
        {
          "type": "image",
          "assetId": "P0P-I2Z2pvQi",
          "checksum": "32cd18c1b33595e987d1a9f08eb35ca6"
        },
        {
          "type": "image",
          "assetId": "d8YBDXkSX_P9",
          "checksum": "a318933c0d3a5c0f6791c5b18d943b08"
        },
        {
          "type": "image",
          "assetId": "zeNnTnojdLPS",
          "checksum": "8cb9b239a7377847fd5555965cea11e2"
        },
        {
          "type": "image",
          "assetId": "Cpo0b8i4vfpv",
          "checksum": "895cef082d827478f1702d37836db32d"
        },
        {
          "type": "image",
          "assetId": "MS3oKLb5jEtn",
          "checksum": "94cdc29e373555f08c0678366a18b939"
        },
        {
          "type": "image",
          "assetId": "OTtLHIGxnnaR",
          "checksum": "7799a4865737e44900b48acc99a231f9"
        }
      ],
      "codegenVersion": "0.0.1"
    }
  ],
  "cliVersion": "0.1.330"
}
